
Microsoft Visual Studio Solution File, Format Version 12.00
# Visual Studio 15
Project("{FAE04EC0-301F-11D3-BF4B-00C04F79EFBC}") = "HalifaxDine", "HalifaxDine.csproj", "{7CA271D8-CE71-4508-94B6-3407F27A8378}"
EndProject
Global
	GlobalSection(SolutionConfigurationPlatforms) = preSolution
		Debug|Any CPU = Debug|Any CPU
		Release|Any CPU = Release|Any CPU
	EndGlobalSection
	GlobalSection(ProjectConfigurationPlatforms) = postSolution
		{7CA271D8-CE71-4508-94B6-3407F27A8378}.Debug|Any CPU.ActiveCfg = Debug|Any CPU
		{7CA271D8-CE71-4508-94B6-3407F27A8378}.Debug|Any CPU.Build.0 = Debug|Any CPU
		{7CA271D8-CE71-4508-94B6-3407F27A8378}.Release|Any CPU.ActiveCfg = Release|Any CPU
		{7CA271D8-CE71-4508-94B6-3407F27A8378}.Release|Any CPU.Build.0 = Release|Any CPU
	EndGlobalSection
EndGlobal
